
Microsoft Visual Studio Solution File, Format Version 12.00
# Visual Studio Version 17
VisualStudioVersion = 17.14.36310.24 d17.14
MinimumVisualStudioVersion = 10.0.40219.1
Project("{FAE04EC0-301F-11D3-BF4B-00C04F79EFBC}") = "Scientific calculator 2", "Scientific calculator 2\Scientific calculator 2.csproj", "{880C7E9B-6E43-486A-A681-C9E786904265}"
EndProject
Global
	GlobalSection(SolutionConfigurationPlatforms) = preSolution
		Debug|Any CPU = Debug|Any CPU
		Release|Any CPU = Release|Any CPU
	EndGlobalSection
	GlobalSection(ProjectConfigurationPlatforms) = postSolution
		{880C7E9B-6E43-486A-A681-C9E786904265}.Debug|Any CPU.ActiveCfg = Debug|Any CPU
		{880C7E9B-6E43-486A-A681-C9E786904265}.Debug|Any CPU.Build.0 = Debug|Any CPU
		{880C7E9B-6E43-486A-A681-C9E786904265}.Release|Any CPU.ActiveCfg = Release|Any CPU
		{880C7E9B-6E43-486A-A681-C9E786904265}.Release|Any CPU.Build.0 = Release|Any CPU
	EndGlobalSection
	GlobalSection(SolutionProperties) = preSolution
		HideSolutionNode = FALSE
	EndGlobalSection
	GlobalSection(ExtensibilityGlobals) = postSolution
		SolutionGuid = {D6814435-02A6-4610-8AB6-841FBE2AB937}
	EndGlobalSection
EndGlobal
